// !$*UTF8*$!
{
	archiveVersion = 1;
	classes = {
	};
	objectVersion = 46;
	objects = {

/* Begin PBXBuildFile section */
		2D4C1B7E1CCEE730004D2F52 /* main.m in Sources */ = {isa = PBXBuildFile; fileRef = 2D4C1B7D1CCEE730004D2F52 /* main.m */; };
		2D4C1B811CCEE730004D2F52 /* AppDelegate.m in Sources */ = {isa = PBXBuildFile; fileRef = 2D4C1B801CCEE730004D2F52 /* AppDelegate.m */; };
		2D4C1B841CCEE730004D2F52 /* ViewController.m in Sources */ = {isa = PBXBuildFile; fileRef = 2D4C1B831CCEE730004D2F52 /* ViewController.m */; };
		2D4C1B871CCEE730004D2F52 /* Main.storyboard in Resources */ = {isa = PBXBuildFile; fileRef = 2D4C1B851CCEE730004D2F52 /* Main.storyboard */; };
		2D4C1B891CCEE730004D2F52 /* Assets.xcassets in Resources */ = {isa = PBXBuildFile; fileRef = 2D4C1B881CCEE730004D2F52 /* Assets.xcassets */; };
		2D4C1B8C1CCEE730004D2F52 /* LaunchScreen.storyboard in Resources */ = {isa = PBXBuildFile; fileRef = 2D4C1B8A1CCEE730004D2F52 /* LaunchScreen.storyboard */; };
		E5ED6E91A3E2C65987BDAA48 /* libPods.a in Frameworks */ = {isa = PBXBuildFile; fileRef = 71371EE2B3095A5B482C5EB4 /* libPods.a */; };
/* End PBXBuildFile section */

/* Begin PBXFileReference section */
		09379767C2F5DDDCF462CB30 /* Pods.release.xcconfig */ = {isa = PBXFileReference; includeInIndex = 1; lastKnownFileType = text.xcconfig; name = Pods.release.xcconfig; path = "Pods/Target Support Files/Pods/Pods.release.xcconfig"; sourceTree = "<group>"; };
		2D4C1B791CCEE730004D2F52 /* minions.app */ = {isa = PBXFileReference; explicitFileType = wrapper.application; includeInIndex = 0; path = minions.app; sourceTree = BUILT_PRODUCTS_DIR; };
		2D4C1B7D1CCEE730004D2F52 /* main.m */ = {isa = PBXFileReference; lastKnownFileType = sourcecode.c.objc; path = main.m; sourceTree = "<group>"; };
		2D4C1B7F1CCEE730004D2F52 /* AppDelegate.h */ = {isa = PBXFileReference; lastKnownFileType = sourcecode.c.h; path = AppDelegate.h; sourceTree = "<group>"; };
		2D4C1B801CCEE730004D2F52 /* AppDelegate.m */ = {isa = PBXFileReference; lastKnownFileType = sourcecode.c.objc; path = AppDelegate.m; sourceTree = "<group>"; };
		2D4C1B821CCEE730004D2F52 /* ViewController.h */ = {isa = PBXFileReference; lastKnownFileType = sourcecode.c.h; path = ViewController.h; sourceTree = "<group>"; };
		2D4C1B831CCEE730004D2F52 /* ViewController.m */ = {isa = PBXFileReference; lastKnownFileType = sourcecode.c.objc; path = ViewController.m; sourceTree = "<group>"; };
		2D4C1B861CCEE730004D2F52 /* Base */ = {isa = PBXFileReference; lastKnownFileType = file.storyboard; name = Base; path = Base.lproj/Main.storyboard; sourceTree = "<group>"; };
		2D4C1B881CCEE730004D2F52 /* Assets.xcassets */ = {isa = PBXFileReference; lastKnownFileType = folder.assetcatalog; path = Assets.xcassets; sourceTree = "<group>"; };
		2D4C1B8B1CCEE730004D2F52 /* Base */ = {isa = PBXFileReference; lastKnownFileType = file.storyboard; name = Base; path = Base.lproj/LaunchScreen.storyboard; sourceTree = "<group>"; };
		2D4C1B8D1CCEE730004D2F52 /* Info.plist */ = {isa = PBXFileReference; lastKnownFileType = text.plist.xml; path = Info.plist; sourceTree = "<group>"; };
		71371EE2B3095A5B482C5EB4 /* libPods.a */ = {isa = PBXFileReference; explicitFileType = archive.ar; includeInIndex = 0; path = libPods.a; sourceTree = BUILT_PRODUCTS_DIR; };
		EF3FBAD858A1A0099EF9AF39 /* Pods.debug.xcconfig */ = {isa = PBXFileReference; includeInIndex = 1; lastKnownFileType = text.xcconfig; name = Pods.debug.xcconfig; path = "Pods/Target Support Files/Pods/Pods.debug.xcconfig"; sourceTree = "<group>"; };
/* End PBXFileReference section */

/* Begin PBXFrameworksBuildPhase section */
		2D4C1B761CCEE730004D2F52 /* Frameworks */ = {
			isa = PBXFrameworksBuildPhase;
			buildActionMask = 2147483647;
			files = (
				E5ED6E91A3E2C65987BDAA48 /* libPods.a in Frameworks */,
			);
			runOnlyForDeploymentPostprocessing = 0;
		};
/* End PBXFrameworksBuildPhase section */

/* Begin PBXGroup section */
		2D2281081CD105BC00F02189 /* Controllers */ = {
			isa = PBXGroup;
			children = (
			);
			name = Controllers;
			sourceTree = "<group>";
		};
		2D2281091CD105D800F02189 /* Models */ = {
			isa = PBXGroup;
			children = (
				2D22810B1CD106A200F02189 /* Entity */,
			);
			name = Models;
			sourceTree = "<group>";
		};
		2D22810A1CD1062200F02189 /* Views */ = {
			isa = PBXGroup;
			children = (
			);
			name = Views;
			sourceTree = "<group>";
		};
		2D22810B1CD106A200F02189 /* Entity */ = {
			isa = PBXGroup;
			children = (
			);
			name = Entity;
			sourceTree = "<group>";
		};
		2D4C1B701CCEE730004D2F52 = {
			isa = PBXGroup;
			children = (
				2D4C1B7B1CCEE730004D2F52 /* Minions */,
				2D4C1B7A1CCEE730004D2F52 /* Products */,
				F02BF37EAEFE82CB44A39AF2 /* Pods */,
				33184F19BF9871CC434AEA25 /* Frameworks */,
			);
			sourceTree = "<group>";
		};
		2D4C1B7A1CCEE730004D2F52 /* Products */ = {
			isa = PBXGroup;
			children = (
				2D4C1B791CCEE730004D2F52 /* minions.app */,
			);
			name = Products;
			sourceTree = "<group>";
		};
		2D4C1B7B1CCEE730004D2F52 /* Minions */ = {
			isa = PBXGroup;
			children = (
				2D22810A1CD1062200F02189 /* Views */,
				2D2281091CD105D800F02189 /* Models */,
				2D2281081CD105BC00F02189 /* Controllers */,
				2D4C1B7F1CCEE730004D2F52 /* AppDelegate.h */,
				2D4C1B801CCEE730004D2F52 /* AppDelegate.m */,
				2D4C1B821CCEE730004D2F52 /* ViewController.h */,
				2D4C1B831CCEE730004D2F52 /* ViewController.m */,
				2D4C1B851CCEE730004D2F52 /* Main.storyboard */,
				2D4C1B881CCEE730004D2F52 /* Assets.xcassets */,
				2D4C1B8A1CCEE730004D2F52 /* LaunchScreen.storyboard */,
				2D4C1B8D1CCEE730004D2F52 /* Info.plist */,
				2D4C1B7C1CCEE730004D2F52 /* Supporting Files */,
			);
			name = Minions;
			path = minions;
			sourceTree = "<group>";
		};
		2D4C1B7C1CCEE730004D2F52 /* Supporting Files */ = {
			isa = PBXGroup;
			children = (
				2D4C1B7D1CCEE730004D2F52 /* main.m */,
			);
			name = "Supporting Files";
			sourceTree = "<group>";
		};
		33184F19BF9871CC434AEA25 /* Frameworks */ = {
			isa = PBXGroup;
			children = (
				71371EE2B3095A5B482C5EB4 /* libPods.a */,
			);
			name = Frameworks;
			sourceTree = "<group>";
		};
		F02BF37EAEFE82CB44A39AF2 /* Pods */ = {
			isa = PBXGroup;
			children = (
				EF3FBAD858A1A0099EF9AF39 /* Pods.debug.xcconfig */,
				09379767C2F5DDDCF462CB30 /* Pods.release.xcconfig */,
			);
			name = Pods;
			sourceTree = "<group>";
		};
/* End PBXGroup section */

/* Begin PBXNativeTarget section */
		2D4C1B781CCEE730004D2F52 /* minions */ = {
			isa = PBXNativeTarget;
			buildConfigurationList = 2D4C1B901CCEE730004D2F52 /* Build configuration list for PBXNativeTarget "minions" */;
			buildPhases = (
				9C6EB8F1841EF18BBC43592C /* Check Pods Manifest.lock */,
				2D4C1B751CCEE730004D2F52 /* Sources */,
				2D4C1B761CCEE730004D2F52 /* Frameworks */,
				2D4C1B771CCEE730004D2F52 /* Resources */,
				1F72E4022178E7D358F5D666 /* Embed Pods Frameworks */,
				CB63563A0996A69EC88E3DBA /* Copy Pods Resources */,
			);
			buildRules = (
			);
			dependencies = (
			);
			name = minions;
			productName = minions;
			productReference = 2D4C1B791CCEE730004D2F52 /* minions.app */;
			productType = "com.apple.product-type.application";
		};
/* End PBXNativeTarget section */

/* Begin PBXProject section */
		2D4C1B711CCEE730004D2F52 /* Project object */ = {
			isa = PBXProject;
			attributes = {
				LastUpgradeCheck = 0720;
				ORGANIZATIONNAME = KyleLiu;
				TargetAttributes = {
					2D4C1B781CCEE730004D2F52 = {
						CreatedOnToolsVersion = 7.2.1;
					};
				};
			};
			buildConfigurationList = 2D4C1B741CCEE730004D2F52 /* Build configuration list for PBXProject "minions" */;
			compatibilityVersion = "Xcode 3.2";
			developmentRegion = English;
			hasScannedForEncodings = 0;
			knownRegions = (
				en,
				Base,
			);
			mainGroup = 2D4C1B701CCEE730004D2F52;
			productRefGroup = 2D4C1B7A1CCEE730004D2F52 /* Products */;
			projectDirPath = "";
			projectRoot = "";
			targets = (
				2D4C1B781CCEE730004D2F52 /* minions */,
			);
		};
/* End PBXProject section */

/* Begin PBXResourcesBuildPhase section */
		2D4C1B771CCEE730004D2F52 /* Resources */ = {
			isa = PBXResourcesBuildPhase;
			buildActionMask = 2147483647;
			files = (
				2D4C1B8C1CCEE730004D2F52 /* LaunchScreen.storyboard in Resources */,
				2D4C1B891CCEE730004D2F52 /* Assets.xcassets in Resources */,
				2D4C1B871CCEE730004D2F52 /* Main.storyboard in Resources */,
			);
			runOnlyForDeploymentPostprocessing = 0;
		};
/* End PBXResourcesBuildPhase section */

/* Begin PBXShellScriptBuildPhase section */
		1F72E4022178E7D358F5D666 /* Embed Pods Frameworks */ = {
			isa = PBXShellScriptBuildPhase;
			buildActionMask = 2147483647;
			files = (
			);
			inputPaths = (
			);
			name = "Embed Pods Frameworks";
			outputPaths = (
			);
			runOnlyForDeploymentPostprocessing = 0;
			shellPath = /bin/sh;
			shellScript = "\"${SRCROOT}/Pods/Target Support Files/Pods/Pods-frameworks.sh\"\n";
			showEnvVarsInLog = 0;
		};
		9C6EB8F1841EF18BBC43592C /* Check Pods Manifest.lock */ = {
			isa = PBXShellScriptBuildPhase;
			buildActionMask = 2147483647;
			files = (
			);
			inputPaths = (
			);
			name = "Check Pods Manifest.lock";
			outputPaths = (
			);
			runOnlyForDeploymentPostprocessing = 0;
			shellPath = /bin/sh;
			shellScript = "diff \"${PODS_ROOT}/../Podfile.lock\" \"${PODS_ROOT}/Manifest.lock\" > /dev/null\nif [[ $? != 0 ]] ; then\n    cat << EOM\nerror: The sandbox is not in sync with the Podfile.lock. Run 'pod install' or update your CocoaPods installation.\nEOM\n    exit 1\nfi\n";
			showEnvVarsInLog = 0;
		};
		CB63563A0996A69EC88E3DBA /* Copy Pods Resources */ = {
			isa = PBXShellScriptBuildPhase;
			buildActionMask = 2147483647;
			files = (
			);
			inputPaths = (
			);
			name = "Copy Pods Resources";
			outputPaths = (
			);
			runOnlyForDeploymentPostprocessing = 0;
			shellPath = /bin/sh;
			shellScript = "\"${SRCROOT}/Pods/Target Support Files/Pods/Pods-resources.sh\"\n";
			showEnvVarsInLog = 0;
		};
/* End PBXShellScriptBuildPhase section */

/* Begin PBXSourcesBuildPhase section */
		2D4C1B751CCEE730004D2F52 /* Sources */ = {
			isa = PBXSourcesBuildPhase;
			buildActionMask = 2147483647;
			files = (
				2D4C1B841CCEE730004D2F52 /* ViewController.m in Sources */,
				2D4C1B811CCEE730004D2F52 /* AppDelegate.m in Sources */,
				2D4C1B7E1CCEE730004D2F52 /* main.m in Sources */,
			);
			runOnlyForDeploymentPostprocessing = 0;
		};
/* End PBXSourcesBuildPhase section */

/* Begin PBXVariantGroup section */
		2D4C1B851CCEE730004D2F52 /* Main.storyboard */ = {
			isa = PBXVariantGroup;
			children = (
				2D4C1B861CCEE730004D2F52 /* Base */,
			);
			name = Main.storyboard;
			sourceTree = "<group>";
		};
		2D4C1B8A1CCEE730004D2F52 /* LaunchScreen.storyboard */ = {
			isa = PBXVariantGroup;
			children = (
				2D4C1B8B1CCEE730004D2F52 /* Base */,
			);
			name = LaunchScreen.storyboard;
			sourceTree = "<group>";
		};
/* End PBXVariantGroup section */

/* Begin XCBuildConfiguration section */
		2D4C1B8E1CCEE730004D2F52 /* Debug */ = {
			isa = XCBuildConfiguration;
			buildSettings = {
				ALWAYS_SEARCH_USER_PATHS = NO;
				CLANG_CXX_LANGUAGE_STANDARD = "gnu++0x";
				CLANG_CXX_LIBRARY = "libc++";
				CLANG_ENABLE_MODULES = YES;
				CLANG_ENABLE_OBJC_ARC = YES;
				CLANG_WARN_BOOL_CONVERSION = YES;
				CLANG_WARN_CONSTANT_CONVERSION = YES;
				CLANG_WARN_DIRECT_OBJC_ISA_USAGE = YES_ERROR;
				CLANG_WARN_EMPTY_BODY = YES;
				CLANG_WARN_ENUM_CONVERSION = YES;
				CLANG_WARN_INT_CONVERSION = YES;
				CLANG_WARN_OBJC_ROOT_CLASS = YES_ERROR;
				CLANG_WARN_UNREACHABLE_CODE = YES;
				CLANG_WARN__DUPLICATE_METHOD_MATCH = YES;
				"CODE_SIGN_IDENTITY[sdk=iphoneos*]" = "iPhone Developer";
				COPY_PHASE_STRIP = NO;
				DEBUG_INFORMATION_FORMAT = dwarf;
				ENABLE_STRICT_OBJC_MSGSEND = YES;
				ENABLE_TESTABILITY = YES;
				GCC_C_LANGUAGE_STANDARD = gnu99;
				GCC_DYNAMIC_NO_PIC = NO;
				GCC_NO_COMMON_BLOCKS = YES;
				GCC_OPTIMIZATION_LEVEL = 0;
				GCC_PREPROCESSOR_DEFINITIONS = (
					"DEBUG=1",
					"$(inherited)",
				);
				GCC_WARN_64_TO_32_BIT_CONVERSION = YES;
				GCC_WARN_ABOUT_RETURN_TYPE = YES_ERROR;
				GCC_WARN_UNDECLARED_SELECTOR = YES;
				GCC_WARN_UNINITIALIZED_AUTOS = YES_AGGRESSIVE;
				GCC_WARN_UNUSED_FUNCTION = YES;
				GCC_WARN_UNUSED_VARIABLE = YES;
				IPHONEOS_DEPLOYMENT_TARGET = 9.2;
				MTL_ENABLE_DEBUG_INFO = YES;
				ONLY_ACTIVE_ARCH = YES;
				SDKROOT = iphoneos;
			};
			name = Debug;
		};
		2D4C1B8F1CCEE730004D2F52 /* Release */ = {
			isa = XCBuildConfiguration;
			buildSettings = {
				ALWAYS_SEARCH_USER_PATHS = NO;
				CLANG_CXX_LANGUAGE_STANDARD = "gnu++0x";
				CLANG_CXX_LIBRARY = "libc++";
				CLANG_ENABLE_MODULES = YES;
				CLANG_ENABLE_OBJC_ARC = YES;
				CLANG_WARN_BOOL_CONVERSION = YES;
				CLANG_WARN_CONSTANT_CONVERSION = YES;
				CLANG_WARN_DIRECT_OBJC_ISA_USAGE = YES_ERROR;
				CLANG_WARN_EMPTY_BODY = YES;
				CLANG_WARN_ENUM_CONVERSION = YES;
				CLANG_WARN_INT_CONVERSION = YES;
				CLANG_WARN_OBJC_ROOT_CLASS = YES_ERROR;
				CLANG_WARN_UNREACHABLE_CODE = YES;
				CLANG_WARN__DUPLICATE_METHOD_MATCH = YES;
				"CODE_SIGN_IDENTITY[sdk=iphoneos*]" = "iPhone Developer";
				COPY_PHASE_STRIP = NO;
				DEBUG_INFORMATION_FORMAT = "dwarf-with-dsym";
				ENABLE_NS_ASSERTIONS = NO;
				ENABLE_STRICT_OBJC_MSGSEND = YES;
				GCC_C_LANGUAGE_STANDARD = gnu99;
				GCC_NO_COMMON_BLOCKS = YES;
				GCC_WARN_64_TO_32_BIT_CONVERSION = YES;
				GCC_WARN_ABOUT_RETURN_TYPE = YES_ERROR;
				GCC_WARN_UNDECLARED_SELECTOR = YES;
				GCC_WARN_UNINITIALIZED_AUTOS = YES_AGGRESSIVE;
				GCC_WARN_UNUSED_FUNCTION = YES;
				GCC_WARN_UNUSED_VARIABLE = YES;
				IPHONEOS_DEPLOYMENT_TARGET = 9.2;
				MTL_ENABLE_DEBUG_INFO = NO;
				SDKROOT = iphoneos;
				VALIDATE_PRODUCT = YES;
			};
			name = Release;
		};
		2D4C1B911CCEE730004D2F52 /* Debug */ = {
			isa = XCBuildConfiguration;
			baseConfigurationReference = EF3FBAD858A1A0099EF9AF39 /* Pods.debug.xcconfig */;
			buildSettings = {
				ASSETCATALOG_COMPILER_APPICON_NAME = AppIcon;
				INFOPLIST_FILE = minions/Info.plist;
				LD_RUNPATH_SEARCH_PATHS = "$(inherited) @executable_path/Frameworks";
				PRODUCT_BUNDLE_IDENTIFIER = com.jegran.minions;
				PRODUCT_NAME = "$(TARGET_NAME)";
			};
			name = Debug;
		};
		2D4C1B921CCEE730004D2F52 /* Release */ = {
			isa = XCBuildConfiguration;
			baseConfigurationReference = 09379767C2F5DDDCF462CB30 /* Pods.release.xcconfig */;
			buildSettings = {
				ASSETCATALOG_COMPILER_APPICON_NAME = AppIcon;
				INFOPLIST_FILE = minions/Info.plist;
				LD_RUNPATH_SEARCH_PATHS = "$(inherited) @executable_path/Frameworks";
				PRODUCT_BUNDLE_IDENTIFIER = com.jegran.minions;
				PRODUCT_NAME = "$(TARGET_NAME)";
			};
			name = Release;
		};
/* End XCBuildConfiguration section */

/* Begin XCConfigurationList section */
		2D4C1B741CCEE730004D2F52 /* Build configuration list for PBXProject "minions" */ = {
			isa = XCConfigurationList;
			buildConfigurations = (
				2D4C1B8E1CCEE730004D2F52 /* Debug */,
				2D4C1B8F1CCEE730004D2F52 /* Release */,
			);
			defaultConfigurationIsVisible = 0;
			defaultConfigurationName = Release;
		};
		2D4C1B901CCEE730004D2F52 /* Build configuration list for PBXNativeTarget "minions" */ = {
			isa = XCConfigurationList;
			buildConfigurations = (
				2D4C1B911CCEE730004D2F52 /* Debug */,
				2D4C1B921CCEE730004D2F52 /* Release */,
			);
			defaultConfigurationIsVisible = 0;
			defaultConfigurationName = Release;
		};
/* End XCConfigurationList section */
	};
	rootObject = 2D4C1B711CCEE730004D2F52 /* Project object */;
}
